<?xml version="1.0" encoding="UTF-8" standalone="yes" ?>
<CodeBlocks_project_file>
	<FileVersion major="1" minor="6" />
	<Project>
		<Option title="PassengerApp" />
		<Option pch_mode="2" />
		<Option compiler="gcc" />
		<Build>
			<Target title="Debug">
				<Option output="bin/Debug/PassengerApp" prefix_auto="1" extension_auto="1" />
				<Option working_dir="bin/Debug/" />
				<Option object_output="obj/Debug/" />
				<Option type="1" />
				<Option compiler="gcc" />
				<Option parameters="cancel_booking" />
				<Compiler>
					<Add option="-g" />
				</Compiler>
			</Target>
			<Target title="Release">
				<Option output="bin/Release/PassengerApp" prefix_auto="1" extension_auto="1" />
				<Option object_output="obj/Release/" />
				<Option type="1" />
				<Option compiler="gcc" />
				<Compiler>
					<Add option="-O2" />
				</Compiler>
				<Linker>
					<Add option="-s" />
				</Linker>
			</Target>
		</Build>
		<Compiler>
			<Add option="-Wall" />
			<Add option="-fexceptions" />
		</Compiler>
		<Unit filename="C:/Users/goran/Desktop/123/color_console.cpp" />
		<Unit filename="C:/Users/goran/Desktop/123/color_console.h" />
		<Unit filename="C:/Users/goran/Desktop/123/command_handler.cpp" />
		<Unit filename="C:/Users/goran/Desktop/123/command_handler.h" />
		<Unit filename="C:/Users/goran/Desktop/123/file_manager.cpp" />
		<Unit filename="C:/Users/goran/Desktop/123/file_manager.h" />
		<Unit filename="C:/Users/goran/Desktop/123/flight.cpp" />
		<Unit filename="C:/Users/goran/Desktop/123/flight.h" />
		<Unit filename="C:/Users/goran/Desktop/123/passenger.h" />
		<Unit filename="C:/Users/goran/Desktop/123/passenger_app_main.cpp" />
		<Extensions />
	</Project>
</CodeBlocks_project_file>
